
Microsoft Visual Studio Solution File, Format Version 12.00
# Visual Studio Version 17
VisualStudioVersion = 17.9.34701.34
MinimumVisualStudioVersion = 10.0.40219.1
Project("{FAE04EC0-301F-11D3-BF4B-00C04F79EFBC}") = "Calculator2WithXUnitTest", "Calculator2WithXUnitTest.csproj", "{001D046A-732A-4EF9-AE11-61E68E30AF82}"
EndProject
Project("{FAE04EC0-301F-11D3-BF4B-00C04F79EFBC}") = "Calculator2Test", "..\Calculator2Test\Calculator2Test.csproj", "{57ADE0C1-F42A-4E9D-A710-DF68B1814353}"
EndProject
Global
	GlobalSection(SolutionConfigurationPlatforms) = preSolution
		Debug|Any CPU = Debug|Any CPU
		Release|Any CPU = Release|Any CPU
	EndGlobalSection
	GlobalSection(ProjectConfigurationPlatforms) = postSolution
		{001D046A-732A-4EF9-AE11-61E68E30AF82}.Debug|Any CPU.ActiveCfg = Debug|Any CPU
		{001D046A-732A-4EF9-AE11-61E68E30AF82}.Debug|Any CPU.Build.0 = Debug|Any CPU
		{001D046A-732A-4EF9-AE11-61E68E30AF82}.Release|Any CPU.ActiveCfg = Release|Any CPU
		{001D046A-732A-4EF9-AE11-61E68E30AF82}.Release|Any CPU.Build.0 = Release|Any CPU
		{57ADE0C1-F42A-4E9D-A710-DF68B1814353}.Debug|Any CPU.ActiveCfg = Debug|Any CPU
		{57ADE0C1-F42A-4E9D-A710-DF68B1814353}.Debug|Any CPU.Build.0 = Debug|Any CPU
		{57ADE0C1-F42A-4E9D-A710-DF68B1814353}.Release|Any CPU.ActiveCfg = Release|Any CPU
		{57ADE0C1-F42A-4E9D-A710-DF68B1814353}.Release|Any CPU.Build.0 = Release|Any CPU
	EndGlobalSection
	GlobalSection(SolutionProperties) = preSolution
		HideSolutionNode = FALSE
	EndGlobalSection
	GlobalSection(ExtensibilityGlobals) = postSolution
		SolutionGuid = {421E9FD1-8518-4E34-9482-EDB64EC1B8C3}
	EndGlobalSection
EndGlobal
